<?xml version="1.0" encoding="utf-8"?>
<Project ToolsVersion="17.0" xmlns="http://schemas.microsoft.com/developer/msbuild/2003">
  <ItemGroup>
    <CustomBuild Include="C:\Code\SignalR\ClientCpp\CMakeFiles\08d0821dc26d59c6a7ab8a115dfefbf5\generate.stamp.rule">
      <Filter>CMake Rules</Filter>
    </CustomBuild>
  </ItemGroup>
  <ItemGroup>
    <Filter Include="CMake Rules">
      <UniqueIdentifier>{1F533C14-7731-3758-8889-AD564546D10C}</UniqueIdentifier>
    </Filter>
  </ItemGroup>
</Project>
